
Microsoft Visual Studio Solution File, Format Version 12.00
# Visual Studio Version 17
VisualStudioVersion = 17.7.34018.315
MinimumVisualStudioVersion = 10.0.40219.1
Project("{9A19103F-16F7-4668-BE54-9A1E7A4F7556}") = "_FILEMNGMNT_EventsWebScraperSVERIGE", "_FILEMNGMNT_EventsWebScraperSVERIGE.csproj", "{AB538E9B-34C8-4F3D-8224-E16DE6BC1E70}"
EndProject
Global
	GlobalSection(SolutionConfigurationPlatforms) = preSolution
		Debug|Any CPU = Debug|Any CPU
		Release|Any CPU = Release|Any CPU
	EndGlobalSection
	GlobalSection(ProjectConfigurationPlatforms) = postSolution
		{AB538E9B-34C8-4F3D-8224-E16DE6BC1E70}.Debug|Any CPU.ActiveCfg = Debug|Any CPU
		{AB538E9B-34C8-4F3D-8224-E16DE6BC1E70}.Debug|Any CPU.Build.0 = Debug|Any CPU
		{AB538E9B-34C8-4F3D-8224-E16DE6BC1E70}.Release|Any CPU.ActiveCfg = Release|Any CPU
		{AB538E9B-34C8-4F3D-8224-E16DE6BC1E70}.Release|Any CPU.Build.0 = Release|Any CPU
	EndGlobalSection
	GlobalSection(SolutionProperties) = preSolution
		HideSolutionNode = FALSE
	EndGlobalSection
	GlobalSection(ExtensibilityGlobals) = postSolution
		SolutionGuid = {97BCBA63-3109-4DED-B16F-8458372FA0B8}
	EndGlobalSection
EndGlobal
